
Microsoft Visual Studio Solution File, Format Version 12.00
# Visual Studio Version 16
VisualStudioVersion = 16.0.34407.143
MinimumVisualStudioVersion = 10.0.40219.1
Project("{8BC9CEB8-8B4A-11D0-8D11-00A0C91BC942}") = "Gasser_Engine_BLDC_Motor", "Gasser_Engine_BLDC_Motor.vcxproj", "{C5F80730-F44F-4478-BDAE-6634EFC2CA88}"
EndProject
Project("{8BC9CEB8-8B4A-11D0-8D11-00A0C91BC942}") = "ESP32_ESC_High_Resolution_Driver-0.0.0", "Libraries\ESP32_ESC_High_Resolution_Driver\0.0.0\ESP32_ESC_High_Resolution_Driver\ESP32_ESC_High_Resolution_Driver-0.0.0.vcxitems", "{2A6493F3-CFA3-4EEE-B738-963DFF09DAE8}"
EndProject
Global
	GlobalSection(SharedMSBuildProjectFiles) = preSolution
		Libraries\ESP32_ESC_High_Resolution_Driver\0.0.0\ESP32_ESC_High_Resolution_Driver\ESP32_ESC_High_Resolution_Driver-0.0.0.vcxitems*{2a6493f3-cfa3-4eee-b738-963dff09dae8}*SharedItemsImports = 9
		Libraries\ESP32_ESC_High_Resolution_Driver\0.0.0\ESP32_ESC_High_Resolution_Driver\ESP32_ESC_High_Resolution_Driver-0.0.0.vcxitems*{c5f80730-f44f-4478-bdae-6634efc2ca88}*SharedItemsImports = 4
	EndGlobalSection
	GlobalSection(SolutionConfigurationPlatforms) = preSolution
		Debug|x86 = Debug|x86
		Release|x86 = Release|x86
	EndGlobalSection
	GlobalSection(ProjectConfigurationPlatforms) = postSolution
		{C5F80730-F44F-4478-BDAE-6634EFC2CA88}.Debug|x86.ActiveCfg = Debug|Win32
		{C5F80730-F44F-4478-BDAE-6634EFC2CA88}.Debug|x86.Build.0 = Debug|Win32
		{C5F80730-F44F-4478-BDAE-6634EFC2CA88}.Release|x86.ActiveCfg = Release|Win32
		{C5F80730-F44F-4478-BDAE-6634EFC2CA88}.Release|x86.Build.0 = Release|Win32
	EndGlobalSection
	GlobalSection(SolutionProperties) = preSolution
		HideSolutionNode = FALSE
	EndGlobalSection
	GlobalSection(ExtensibilityGlobals) = postSolution
		SolutionGuid = {86C83E3E-B813-49A3-AB94-321590BB50AE}
	EndGlobalSection
EndGlobal
